<?xml version="1.0" encoding="utf-8"?>
<Project ToolsVersion="4.0" xmlns="http://schemas.microsoft.com/developer/msbuild/2003">
  <ItemGroup>
    <Filter Include="Source Files">
      <UniqueIdentifier>{4FC737F1-C7A5-4376-A066-2A32D752A2FF}</UniqueIdentifier>
      <Extensions>cpp;c;cc;cxx;c++;cppm;ixx;def;odl;idl;hpj;bat;asm;asmx</Extensions>
    </Filter>
    <Filter Include="Header Files">
      <UniqueIdentifier>{93995380-89BD-4b04-88EB-625FBE52EBFB}</UniqueIdentifier>
      <Extensions>h;hh;hpp;hxx;h++;hm;inl;inc;ipp;xsd</Extensions>
    </Filter>
    <Filter Include="Resource Files">
      <UniqueIdentifier>{67DA6AB6-F800-4c08-8B7A-83BB121AAD01}</UniqueIdentifier>
      <Extensions>rc;ico;cur;bmp;dlg;rc2;rct;bin;rgs;gif;jpg;jpeg;jpe;resx;tiff;tif;png;wav;mfcribbon-ms</Extensions>
    </Filter>
  </ItemGroup>
  <ItemGroup>
    <ClCompile Include="Main.cpp">
      <Filter>Source Files</Filter>
    </ClCompile>
    <ClCompile Include="1534.cpp">
      <Filter>Source Files</Filter>
    </ClCompile>
    <ClCompile Include="1478.cpp">
      <Filter>Source Files</Filter>
    </ClCompile>
    <ClCompile Include="1564.cpp">
      <Filter>Source Files</Filter>
    </ClCompile>
    <ClCompile Include="1933.cpp">
      <Filter>Source Files</Filter>
    </ClCompile>
    <ClCompile Include="2374.cpp">
      <Filter>Source Files</Filter>
    </ClCompile>
    <ClCompile Include="1866.cpp">
      <Filter>Source Files</Filter>
    </ClCompile>
    <ClCompile Include="1435.cpp">
      <Filter>Source Files</Filter>
    </ClCompile>
    <ClCompile Include="1190.cpp">
      <Filter>Source Files</Filter>
    </ClCompile>
    <ClCompile Include="1189.cpp">
      <Filter>Source Files</Filter>
    </ClCompile>
    <ClCompile Include="1187.cpp">
      <Filter>Source Files</Filter>
    </ClCompile>
    <ClCompile Include="1188.cpp">
      <Filter>Source Files</Filter>
    </ClCompile>
    <ClCompile Include="1186.cpp">
      <Filter>Source Files</Filter>
    </ClCompile>
    <ClCompile Include="1185.cpp">
      <Filter>Source Files</Filter>
    </ClCompile>
    <ClCompile Include="1181.cpp">
      <Filter>Source Files</Filter>
    </ClCompile>
    <ClCompile Include="1180.cpp">
      <Filter>Source Files</Filter>
    </ClCompile>
    <ClCompile Include="1143.cpp">
      <Filter>Source Files</Filter>
    </ClCompile>
    <ClCompile Include="1098.cpp">
      <Filter>Source Files</Filter>
    </ClCompile>
    <ClCompile Include="1067.cpp">
      <Filter>Source Files</Filter>
    </ClCompile>
    <ClCompile Include="1059.cpp">
      <Filter>Source Files</Filter>
    </ClCompile>
    <ClCompile Include="1042.cpp">
      <Filter>Source Files</Filter>
    </ClCompile>
    <ClCompile Include="1020.cpp">
      <Filter>Source Files</Filter>
    </ClCompile>
    <ClCompile Include="1013.cpp">
      <Filter>Source Files</Filter>
    </ClCompile>
    <ClCompile Include="1000.cpp">
      <Filter>Source Files</Filter>
    </ClCompile>
    <ClCompile Include="1759.cpp">
      <Filter>Source Files</Filter>
    </ClCompile>
    <ClCompile Include="1184.cpp">
      <Filter>Source Files</Filter>
    </ClCompile>
    <ClCompile Include="1183.cpp">
      <Filter>Source Files</Filter>
    </ClCompile>
    <ClCompile Include="1182.cpp">
      <Filter>Source Files</Filter>
    </ClCompile>
    <ClCompile Include="1179.cpp">
      <Filter>Source Files</Filter>
    </ClCompile>
    <ClCompile Include="1178.cpp">
      <Filter>Source Files</Filter>
    </ClCompile>
    <ClCompile Include="1177.cpp">
      <Filter>Source Files</Filter>
    </ClCompile>
    <ClCompile Include="1176.cpp">
      <Filter>Source Files</Filter>
    </ClCompile>
    <ClCompile Include="1175.cpp">
      <Filter>Source Files</Filter>
    </ClCompile>
    <ClCompile Include="1174.cpp">
      <Filter>Source Files</Filter>
    </ClCompile>
    <ClCompile Include="1173.cpp">
      <Filter>Source Files</Filter>
    </ClCompile>
    <ClCompile Include="1172.cpp">
      <Filter>Source Files</Filter>
    </ClCompile>
    <ClCompile Include="1165.cpp">
      <Filter>Source Files</Filter>
    </ClCompile>
    <ClCompile Include="1164.cpp">
      <Filter>Source Files</Filter>
    </ClCompile>
    <ClCompile Include="1160.cpp">
      <Filter>Source Files</Filter>
    </ClCompile>
    <ClCompile Include="1159.cpp">
      <Filter>Source Files</Filter>
    </ClCompile>
    <ClCompile Include="1080.cpp">
      <Filter>Source Files</Filter>
    </ClCompile>
    <ClCompile Include="3091.cpp">
      <Filter>Source Files</Filter>
    </ClCompile>
    <ClCompile Include="1161.cpp">
      <Filter>Source Files</Filter>
    </ClCompile>
    <ClCompile Include="1158.cpp">
      <Filter>Source Files</Filter>
    </ClCompile>
    <ClCompile Include="1157.cpp">
      <Filter>Source Files</Filter>
    </ClCompile>
    <ClCompile Include="1156.cpp">
      <Filter>Source Files</Filter>
    </ClCompile>
    <ClCompile Include="1155.cpp">
      <Filter>Source Files</Filter>
    </ClCompile>
    <ClCompile Include="1154.cpp">
      <Filter>Source Files</Filter>
    </ClCompile>
    <ClCompile Include="1153.cpp">
      <Filter>Source Files</Filter>
    </ClCompile>
    <ClCompile Include="1151.cpp">
      <Filter>Source Files</Filter>
    </ClCompile>
    <ClCompile Include="1150.cpp">
      <Filter>Source Files</Filter>
    </ClCompile>
    <ClCompile Include="1149.cpp">
      <Filter>Source Files</Filter>
    </ClCompile>
    <ClCompile Include="1146.cpp">
      <Filter>Source Files</Filter>
    </ClCompile>
    <ClCompile Include="1145.cpp">
      <Filter>Source Files</Filter>
    </ClCompile>
    <ClCompile Include="1144.cpp">
      <Filter>Source Files</Filter>
    </ClCompile>
    <ClCompile Include="1142.cpp">
      <Filter>Source Files</Filter>
    </ClCompile>
    <ClCompile Include="1134.cpp">
      <Filter>Source Files</Filter>
    </ClCompile>
    <ClCompile Include="1133.cpp">
      <Filter>Source Files</Filter>
    </ClCompile>
    <ClCompile Include="1132.cpp">
      <Filter>Source Files</Filter>
    </ClCompile>
    <ClCompile Include="1131.cpp">
      <Filter>Source Files</Filter>
    </ClCompile>
    <ClCompile Include="1118.cpp">
      <Filter>Source Files</Filter>
    </ClCompile>
    <ClCompile Include="1117.cpp">
      <Filter>Source Files</Filter>
    </ClCompile>
    <ClCompile Include="1116.cpp">
      <Filter>Source Files</Filter>
    </ClCompile>
    <ClCompile Include="1115.cpp">
      <Filter>Source Files</Filter>
    </ClCompile>
    <ClCompile Include="1114.cpp">
      <Filter>Source Files</Filter>
    </ClCompile>
    <ClCompile Include="1022.cpp">
      <Filter>Source Files</Filter>
    </ClCompile>
    <ClCompile Include="1101.cpp">
      <Filter>Source Files</Filter>
    </ClCompile>
    <ClCompile Include="1099.cpp">
      <Filter>Source Files</Filter>
    </ClCompile>
    <ClCompile Include="1096.cpp">
      <Filter>Source Files</Filter>
    </ClCompile>
    <ClCompile Include="1095.cpp">
      <Filter>Source Files</Filter>
    </ClCompile>
    <ClCompile Include="1097.cpp">
      <Filter>Source Files</Filter>
    </ClCompile>
    <ClCompile Include="1094.cpp">
      <Filter>Source Files</Filter>
    </ClCompile>
    <ClCompile Include="1079.cpp">
      <Filter>Source Files</Filter>
    </ClCompile>
    <ClCompile Include="1078.cpp">
      <Filter>Source Files</Filter>
    </ClCompile>
    <ClCompile Include="1075.cpp">
      <Filter>Source Files</Filter>
    </ClCompile>
    <ClCompile Include="1074.cpp">
      <Filter>Source Files</Filter>
    </ClCompile>
    <ClCompile Include="1073.cpp">
      <Filter>Source Files</Filter>
    </ClCompile>
    <ClCompile Include="1072.cpp">
      <Filter>Source Files</Filter>
    </ClCompile>
    <ClCompile Include="1071.cpp">
      <Filter>Source Files</Filter>
    </ClCompile>
    <ClCompile Include="1070.cpp">
      <Filter>Source Files</Filter>
    </ClCompile>
    <ClCompile Include="1066.cpp">
      <Filter>Source Files</Filter>
    </ClCompile>
    <ClCompile Include="1065.cpp">
      <Filter>Source Files</Filter>
    </ClCompile>
    <ClCompile Include="1064.cpp">
      <Filter>Source Files</Filter>
    </ClCompile>
    <ClCompile Include="1061.cpp">
      <Filter>Source Files</Filter>
    </ClCompile>
    <ClCompile Include="1060.cpp">
      <Filter>Source Files</Filter>
    </ClCompile>
    <ClCompile Include="1052.cpp">
      <Filter>Source Files</Filter>
    </ClCompile>
    <ClCompile Include="1051.cpp">
      <Filter>Source Files</Filter>
    </ClCompile>
    <ClCompile Include="1050.cpp">
      <Filter>Source Files</Filter>
    </ClCompile>
    <ClCompile Include="1049.cpp">
      <Filter>Source Files</Filter>
    </ClCompile>
    <ClCompile Include="1048.cpp">
      <Filter>Source Files</Filter>
    </ClCompile>
    <ClCompile Include="1046.cpp">
      <Filter>Source Files</Filter>
    </ClCompile>
    <ClCompile Include="1045.cpp">
      <Filter>Source Files</Filter>
    </ClCompile>
    <ClCompile Include="1044.cpp">
      <Filter>Source Files</Filter>
    </ClCompile>
    <ClCompile Include="1043.cpp">
      <Filter>Source Files</Filter>
    </ClCompile>
    <ClCompile Include="1041.cpp">
      <Filter>Source Files</Filter>
    </ClCompile>
    <ClCompile Include="1040.cpp">
      <Filter>Source Files</Filter>
    </ClCompile>
    <ClCompile Include="1038.cpp">
      <Filter>Source Files</Filter>
    </ClCompile>
    <ClCompile Include="1037.cpp">
      <Filter>Source Files</Filter>
    </ClCompile>
    <ClCompile Include="1036.cpp">
      <Filter>Source Files</Filter>
    </ClCompile>
    <ClCompile Include="1035.cpp">
      <Filter>Source Files</Filter>
    </ClCompile>
    <ClCompile Include="1021.cpp">
      <Filter>Source Files</Filter>
    </ClCompile>
    <ClCompile Include="1019.cpp">
      <Filter>Source Files</Filter>
    </ClCompile>
    <ClCompile Include="1018.cpp">
      <Filter>Source Files</Filter>
    </ClCompile>
    <ClCompile Include="1017.cpp">
      <Filter>Source Files</Filter>
    </ClCompile>
    <ClCompile Include="1016.cpp">
      <Filter>Source Files</Filter>
    </ClCompile>
    <ClCompile Include="1015.cpp">
      <Filter>Source Files</Filter>
    </ClCompile>
    <ClCompile Include="1014.cpp">
      <Filter>Source Files</Filter>
    </ClCompile>
    <ClCompile Include="1012.cpp">
      <Filter>Source Files</Filter>
    </ClCompile>
    <ClCompile Include="1011.cpp">
      <Filter>Source Files</Filter>
    </ClCompile>
    <ClCompile Include="1010.cpp">
      <Filter>Source Files</Filter>
    </ClCompile>
    <ClCompile Include="1009.cpp">
      <Filter>Source Files</Filter>
    </ClCompile>
    <ClCompile Include="1008.cpp">
      <Filter>Source Files</Filter>
    </ClCompile>
    <ClCompile Include="1007.cpp">
      <Filter>Source Files</Filter>
    </ClCompile>
    <ClCompile Include="1006.cpp">
      <Filter>Source Files</Filter>
    </ClCompile>
    <ClCompile Include="1005.cpp">
      <Filter>Source Files</Filter>
    </ClCompile>
    <ClCompile Include="1002.cpp">
      <Filter>Source Files</Filter>
    </ClCompile>
    <ClCompile Include="1004.cpp">
      <Filter>Source Files</Filter>
    </ClCompile>
    <ClCompile Include="1003.cpp">
      <Filter>Source Files</Filter>
    </ClCompile>
    <ClCompile Include="1001.cpp">
      <Filter>Source Files</Filter>
    </ClCompile>
    <ClCompile Include="1047.cpp">
      <Filter>Source Files</Filter>
    </ClCompile>
    <ClCompile Include="1113.cpp">
      <Filter>Source Files</Filter>
    </ClCompile>
  </ItemGroup>
</Project>